
Microsoft Visual Studio Solution File, Format Version 12.00
# Visual Studio Version 17
VisualStudioVersion = 17.8.34330.188
MinimumVisualStudioVersion = 10.0.40219.1
Project("{FAE04EC0-301F-11D3-BF4B-00C04F79EFBC}") = "SlidePuzzle", "SlidePuzzle\SlidePuzzle.csproj", "{168E51D4-7453-45D1-A354-74E2093B369E}"
EndProject
Project("{FAE04EC0-301F-11D3-BF4B-00C04F79EFBC}") = "RockScissorsPaper", "RockScissorsPaper\RockScissorsPaper.csproj", "{1E07D3D7-2E8C-4DE3-80FA-08DE6F11B7E2}"
EndProject
Project("{FAE04EC0-301F-11D3-BF4B-00C04F79EFBC}") = "NumberBaseBall", "NumberBaseBall\NumberBaseBall.csproj", "{04629CE3-CA08-47EC-9BD6-320CEA0D9514}"
EndProject
Global
	GlobalSection(SolutionConfigurationPlatforms) = preSolution
		Debug|Any CPU = Debug|Any CPU
		Release|Any CPU = Release|Any CPU
	EndGlobalSection
	GlobalSection(ProjectConfigurationPlatforms) = postSolution
		{168E51D4-7453-45D1-A354-74E2093B369E}.Debug|Any CPU.ActiveCfg = Debug|Any CPU
		{168E51D4-7453-45D1-A354-74E2093B369E}.Debug|Any CPU.Build.0 = Debug|Any CPU
		{168E51D4-7453-45D1-A354-74E2093B369E}.Release|Any CPU.ActiveCfg = Release|Any CPU
		{168E51D4-7453-45D1-A354-74E2093B369E}.Release|Any CPU.Build.0 = Release|Any CPU
		{1E07D3D7-2E8C-4DE3-80FA-08DE6F11B7E2}.Debug|Any CPU.ActiveCfg = Debug|Any CPU
		{1E07D3D7-2E8C-4DE3-80FA-08DE6F11B7E2}.Debug|Any CPU.Build.0 = Debug|Any CPU
		{1E07D3D7-2E8C-4DE3-80FA-08DE6F11B7E2}.Release|Any CPU.ActiveCfg = Release|Any CPU
		{1E07D3D7-2E8C-4DE3-80FA-08DE6F11B7E2}.Release|Any CPU.Build.0 = Release|Any CPU
		{04629CE3-CA08-47EC-9BD6-320CEA0D9514}.Debug|Any CPU.ActiveCfg = Debug|Any CPU
		{04629CE3-CA08-47EC-9BD6-320CEA0D9514}.Debug|Any CPU.Build.0 = Debug|Any CPU
		{04629CE3-CA08-47EC-9BD6-320CEA0D9514}.Release|Any CPU.ActiveCfg = Release|Any CPU
		{04629CE3-CA08-47EC-9BD6-320CEA0D9514}.Release|Any CPU.Build.0 = Release|Any CPU
	EndGlobalSection
	GlobalSection(SolutionProperties) = preSolution
		HideSolutionNode = FALSE
	EndGlobalSection
	GlobalSection(ExtensibilityGlobals) = postSolution
		SolutionGuid = {B763C87D-2A34-438C-9C2F-D32990B3120C}
	EndGlobalSection
EndGlobal
